
Microsoft Visual Studio Solution File, Format Version 12.00
# Visual Studio Version 18
VisualStudioVersion = 18.1.11304.174 d18.0
MinimumVisualStudioVersion = 10.0.40219.1
Project("{FAE04EC0-301F-11D3-BF4B-00C04F79EFBC}") = "Akbura", "Akbura\Akbura.csproj", "{D7EA4966-8FC8-469E-9107-BA8A5BE0C26E}"
EndProject
Project("{FAE04EC0-301F-11D3-BF4B-00C04F79EFBC}") = "Akbura.Generator", "Akbura.Generator\Akbura.Generator.csproj", "{2F88031E-90C6-4F4B-A249-429B5BAE3F08}"
EndProject
Project("{FAE04EC0-301F-11D3-BF4B-00C04F79EFBC}") = "Akbura.AotTest", "Akbura.AotTest\Akbura.AotTest.csproj", "{AC0BD606-932E-40BE-8E6A-D20174A9A13C}"
EndProject
Project("{2150E333-8FDC-42A3-9474-1A3956D46DE8}") = "Solution Items", "Solution Items", "{18952FBD-A851-420F-AC99-BD254B05FA6A}"
	ProjectSection(SolutionItems) = preProject
		.editorconfig = .editorconfig
		README.md = README.md
	EndProjectSection
EndProject
Project("{FAE04EC0-301F-11D3-BF4B-00C04F79EFBC}") = "Akbura.UnitTests", "Akbura.UnitTests\Akbura.UnitTests.csproj", "{C32463C8-47CF-4A0C-BD5D-0EED4AF84E5B}"
EndProject
Project("{2150E333-8FDC-42A3-9474-1A3956D46DE8}") = "draft-concepts", "draft-concepts", "{BC591B12-D8DF-4CFC-B44A-BEE6B8ACF2F2}"
	ProjectSection(SolutionItems) = preProject
		draft-concepts\Dependecy Injection.md = draft-concepts\Dependecy Injection.md
		draft-concepts\User defined hook.md = draft-concepts\User defined hook.md
	EndProjectSection
EndProject
Global
	GlobalSection(SolutionConfigurationPlatforms) = preSolution
		Debug|Any CPU = Debug|Any CPU
		Release|Any CPU = Release|Any CPU
	EndGlobalSection
	GlobalSection(ProjectConfigurationPlatforms) = postSolution
		{D7EA4966-8FC8-469E-9107-BA8A5BE0C26E}.Debug|Any CPU.ActiveCfg = Debug|Any CPU
		{D7EA4966-8FC8-469E-9107-BA8A5BE0C26E}.Debug|Any CPU.Build.0 = Debug|Any CPU
		{D7EA4966-8FC8-469E-9107-BA8A5BE0C26E}.Release|Any CPU.ActiveCfg = Release|Any CPU
		{D7EA4966-8FC8-469E-9107-BA8A5BE0C26E}.Release|Any CPU.Build.0 = Release|Any CPU
		{2F88031E-90C6-4F4B-A249-429B5BAE3F08}.Debug|Any CPU.ActiveCfg = Debug|Any CPU
		{2F88031E-90C6-4F4B-A249-429B5BAE3F08}.Debug|Any CPU.Build.0 = Debug|Any CPU
		{2F88031E-90C6-4F4B-A249-429B5BAE3F08}.Release|Any CPU.ActiveCfg = Release|Any CPU
		{2F88031E-90C6-4F4B-A249-429B5BAE3F08}.Release|Any CPU.Build.0 = Release|Any CPU
		{AC0BD606-932E-40BE-8E6A-D20174A9A13C}.Debug|Any CPU.ActiveCfg = Debug|Any CPU
		{AC0BD606-932E-40BE-8E6A-D20174A9A13C}.Debug|Any CPU.Build.0 = Debug|Any CPU
		{AC0BD606-932E-40BE-8E6A-D20174A9A13C}.Release|Any CPU.ActiveCfg = Release|Any CPU
		{AC0BD606-932E-40BE-8E6A-D20174A9A13C}.Release|Any CPU.Build.0 = Release|Any CPU
		{C32463C8-47CF-4A0C-BD5D-0EED4AF84E5B}.Debug|Any CPU.ActiveCfg = Debug|Any CPU
		{C32463C8-47CF-4A0C-BD5D-0EED4AF84E5B}.Debug|Any CPU.Build.0 = Debug|Any CPU
		{C32463C8-47CF-4A0C-BD5D-0EED4AF84E5B}.Release|Any CPU.ActiveCfg = Release|Any CPU
		{C32463C8-47CF-4A0C-BD5D-0EED4AF84E5B}.Release|Any CPU.Build.0 = Release|Any CPU
	EndGlobalSection
	GlobalSection(SolutionProperties) = preSolution
		HideSolutionNode = FALSE
	EndGlobalSection
	GlobalSection(ExtensibilityGlobals) = postSolution
		SolutionGuid = {FB3F233C-FAAE-4CAE-8C72-203799D1D967}
	EndGlobalSection
EndGlobal
